
Microsoft Visual Studio Solution File, Format Version 12.00
# Visual Studio Version 17
VisualStudioVersion = 17.12.35527.113
MinimumVisualStudioVersion = 10.0.40219.1
Project("{8BC9CEB8-8B4A-11D0-8D11-00A0C91BC942}") = "Install", "GoneGhost\GoneGhost.vcxproj", "{13394D21-22C2-43FA-8FB5-790EB51476F2}"
EndProject
Project("{8BC9CEB8-8B4A-11D0-8D11-00A0C91BC942}") = "x64DLL", "x64DLL\x64DLL.vcxproj", "{57382CE1-1B87-4673-9121-E3DFB7330E76}"
EndProject
Project("{8BC9CEB8-8B4A-11D0-8D11-00A0C91BC942}") = "$GG-Example", "$GG-Example\$GG-Example.vcxproj", "{3FE190F0-723D-4E97-A76A-EBE8E8525BC1}"
EndProject
Global
	GlobalSection(SolutionConfigurationPlatforms) = preSolution
		Debug|x64 = Debug|x64
		Debug|x86 = Debug|x86
		Release|x64 = Release|x64
		Release|x86 = Release|x86
	EndGlobalSection
	GlobalSection(ProjectConfigurationPlatforms) = postSolution
		{13394D21-22C2-43FA-8FB5-790EB51476F2}.Debug|x64.ActiveCfg = Debug|x64
		{13394D21-22C2-43FA-8FB5-790EB51476F2}.Debug|x64.Build.0 = Debug|x64
		{13394D21-22C2-43FA-8FB5-790EB51476F2}.Debug|x86.ActiveCfg = Debug|Win32
		{13394D21-22C2-43FA-8FB5-790EB51476F2}.Debug|x86.Build.0 = Debug|Win32
		{13394D21-22C2-43FA-8FB5-790EB51476F2}.Release|x64.ActiveCfg = Release|x64
		{13394D21-22C2-43FA-8FB5-790EB51476F2}.Release|x64.Build.0 = Release|x64
		{13394D21-22C2-43FA-8FB5-790EB51476F2}.Release|x86.ActiveCfg = Release|Win32
		{13394D21-22C2-43FA-8FB5-790EB51476F2}.Release|x86.Build.0 = Release|Win32
		{57382CE1-1B87-4673-9121-E3DFB7330E76}.Debug|x64.ActiveCfg = Debug|x64
		{57382CE1-1B87-4673-9121-E3DFB7330E76}.Debug|x64.Build.0 = Debug|x64
		{57382CE1-1B87-4673-9121-E3DFB7330E76}.Debug|x86.ActiveCfg = Debug|Win32
		{57382CE1-1B87-4673-9121-E3DFB7330E76}.Debug|x86.Build.0 = Debug|Win32
		{57382CE1-1B87-4673-9121-E3DFB7330E76}.Release|x64.ActiveCfg = Release|x64
		{57382CE1-1B87-4673-9121-E3DFB7330E76}.Release|x64.Build.0 = Release|x64
		{57382CE1-1B87-4673-9121-E3DFB7330E76}.Release|x86.ActiveCfg = Release|Win32
		{57382CE1-1B87-4673-9121-E3DFB7330E76}.Release|x86.Build.0 = Release|Win32
		{3FE190F0-723D-4E97-A76A-EBE8E8525BC1}.Debug|x64.ActiveCfg = Debug|x64
		{3FE190F0-723D-4E97-A76A-EBE8E8525BC1}.Debug|x64.Build.0 = Debug|x64
		{3FE190F0-723D-4E97-A76A-EBE8E8525BC1}.Debug|x86.ActiveCfg = Debug|Win32
		{3FE190F0-723D-4E97-A76A-EBE8E8525BC1}.Debug|x86.Build.0 = Debug|Win32
		{3FE190F0-723D-4E97-A76A-EBE8E8525BC1}.Release|x64.ActiveCfg = Release|x64
		{3FE190F0-723D-4E97-A76A-EBE8E8525BC1}.Release|x64.Build.0 = Release|x64
		{3FE190F0-723D-4E97-A76A-EBE8E8525BC1}.Release|x86.ActiveCfg = Release|Win32
		{3FE190F0-723D-4E97-A76A-EBE8E8525BC1}.Release|x86.Build.0 = Release|Win32
	EndGlobalSection
	GlobalSection(SolutionProperties) = preSolution
		HideSolutionNode = FALSE
	EndGlobalSection
EndGlobal
